
Microsoft Visual Studio Solution File, Format Version 12.00
# Visual Studio Version 16
VisualStudioVersion = 16.0.29609.76
MinimumVisualStudioVersion = 10.0.40219.1
Project("{FAE04EC0-301F-11D3-BF4B-00C04F79EFBC}") = "JRMDataManager", "JRMDataManager\JRMDataManager.csproj", "{4BA6A62D-2BAC-44EE-8075-F3333DB639B8}"
EndProject
Project("{00D1A9C2-B5F0-4AF3-8072-F6C62B433612}") = "JRMData", "JRMData\JRMData.sqlproj", "{0B00B99B-BA54-4292-8BB3-70583D1CD638}"
EndProject
Project("{FAE04EC0-301F-11D3-BF4B-00C04F79EFBC}") = "JRMDesktopUI", "JRMDesktopUI\JRMDesktopUI.csproj", "{8CE0AB11-6733-45A3-8E3C-9BCCC161A15A}"
EndProject
Project("{FAE04EC0-301F-11D3-BF4B-00C04F79EFBC}") = "JRMDataManager.Library", "JRMDataManager.Library\JRMDataManager.Library.csproj", "{EDA3AA74-F9EB-4D9F-A948-4087DEF149A3}"
EndProject
Project("{FAE04EC0-301F-11D3-BF4B-00C04F79EFBC}") = "JRMDesktopUI.Library", "JRMDesktopUI.Library\JRMDesktopUI.Library.csproj", "{4FBC8C54-6588-45A4-9698-2314419D1B9C}"
EndProject
Project("{2150E333-8FDC-42A3-9474-1A3956D46DE8}") = "Database", "Database", "{58601851-57C5-447D-B482-105C61819C97}"
EndProject
Project("{2150E333-8FDC-42A3-9474-1A3956D46DE8}") = "API", "API", "{F04901C3-6DCA-4990-A8F4-61F425E5370B}"
EndProject
Project("{2150E333-8FDC-42A3-9474-1A3956D46DE8}") = "WPF", "WPF", "{ABEAF2C6-8434-45F2-AF6B-545DB0860758}"
EndProject
Project("{FAE04EC0-301F-11D3-BF4B-00C04F79EFBC}") = "JRMApi", "JRMApi\JRMApi.csproj", "{96DB9A45-0896-4902-887A-96AC87902FB6}"
EndProject
Global
	GlobalSection(SolutionConfigurationPlatforms) = preSolution
		Debug|Any CPU = Debug|Any CPU
		Release|Any CPU = Release|Any CPU
	EndGlobalSection
	GlobalSection(ProjectConfigurationPlatforms) = postSolution
		{4BA6A62D-2BAC-44EE-8075-F3333DB639B8}.Debug|Any CPU.ActiveCfg = Debug|Any CPU
		{4BA6A62D-2BAC-44EE-8075-F3333DB639B8}.Debug|Any CPU.Build.0 = Debug|Any CPU
		{4BA6A62D-2BAC-44EE-8075-F3333DB639B8}.Release|Any CPU.ActiveCfg = Release|Any CPU
		{4BA6A62D-2BAC-44EE-8075-F3333DB639B8}.Release|Any CPU.Build.0 = Release|Any CPU
		{0B00B99B-BA54-4292-8BB3-70583D1CD638}.Debug|Any CPU.ActiveCfg = Debug|Any CPU
		{0B00B99B-BA54-4292-8BB3-70583D1CD638}.Debug|Any CPU.Build.0 = Debug|Any CPU
		{0B00B99B-BA54-4292-8BB3-70583D1CD638}.Debug|Any CPU.Deploy.0 = Debug|Any CPU
		{0B00B99B-BA54-4292-8BB3-70583D1CD638}.Release|Any CPU.ActiveCfg = Release|Any CPU
		{0B00B99B-BA54-4292-8BB3-70583D1CD638}.Release|Any CPU.Build.0 = Release|Any CPU
		{0B00B99B-BA54-4292-8BB3-70583D1CD638}.Release|Any CPU.Deploy.0 = Release|Any CPU
		{8CE0AB11-6733-45A3-8E3C-9BCCC161A15A}.Debug|Any CPU.ActiveCfg = Debug|Any CPU
		{8CE0AB11-6733-45A3-8E3C-9BCCC161A15A}.Debug|Any CPU.Build.0 = Debug|Any CPU
		{8CE0AB11-6733-45A3-8E3C-9BCCC161A15A}.Release|Any CPU.ActiveCfg = Release|Any CPU
		{8CE0AB11-6733-45A3-8E3C-9BCCC161A15A}.Release|Any CPU.Build.0 = Release|Any CPU
		{EDA3AA74-F9EB-4D9F-A948-4087DEF149A3}.Debug|Any CPU.ActiveCfg = Debug|Any CPU
		{EDA3AA74-F9EB-4D9F-A948-4087DEF149A3}.Debug|Any CPU.Build.0 = Debug|Any CPU
		{EDA3AA74-F9EB-4D9F-A948-4087DEF149A3}.Release|Any CPU.ActiveCfg = Release|Any CPU
		{EDA3AA74-F9EB-4D9F-A948-4087DEF149A3}.Release|Any CPU.Build.0 = Release|Any CPU
		{4FBC8C54-6588-45A4-9698-2314419D1B9C}.Debug|Any CPU.ActiveCfg = Debug|Any CPU
		{4FBC8C54-6588-45A4-9698-2314419D1B9C}.Debug|Any CPU.Build.0 = Debug|Any CPU
		{4FBC8C54-6588-45A4-9698-2314419D1B9C}.Release|Any CPU.ActiveCfg = Release|Any CPU
		{4FBC8C54-6588-45A4-9698-2314419D1B9C}.Release|Any CPU.Build.0 = Release|Any CPU
		{96DB9A45-0896-4902-887A-96AC87902FB6}.Debug|Any CPU.ActiveCfg = Debug|Any CPU
		{96DB9A45-0896-4902-887A-96AC87902FB6}.Debug|Any CPU.Build.0 = Debug|Any CPU
		{96DB9A45-0896-4902-887A-96AC87902FB6}.Release|Any CPU.ActiveCfg = Release|Any CPU
		{96DB9A45-0896-4902-887A-96AC87902FB6}.Release|Any CPU.Build.0 = Release|Any CPU
	EndGlobalSection
	GlobalSection(SolutionProperties) = preSolution
		HideSolutionNode = FALSE
	EndGlobalSection
	GlobalSection(NestedProjects) = preSolution
		{4BA6A62D-2BAC-44EE-8075-F3333DB639B8} = {F04901C3-6DCA-4990-A8F4-61F425E5370B}
		{0B00B99B-BA54-4292-8BB3-70583D1CD638} = {58601851-57C5-447D-B482-105C61819C97}
		{8CE0AB11-6733-45A3-8E3C-9BCCC161A15A} = {ABEAF2C6-8434-45F2-AF6B-545DB0860758}
		{EDA3AA74-F9EB-4D9F-A948-4087DEF149A3} = {F04901C3-6DCA-4990-A8F4-61F425E5370B}
		{4FBC8C54-6588-45A4-9698-2314419D1B9C} = {ABEAF2C6-8434-45F2-AF6B-545DB0860758}
		{96DB9A45-0896-4902-887A-96AC87902FB6} = {F04901C3-6DCA-4990-A8F4-61F425E5370B}
	EndGlobalSection
	GlobalSection(ExtensibilityGlobals) = postSolution
		SolutionGuid = {C2E93F5C-E12E-4F1E-AE38-47E41E48F3E6}
	EndGlobalSection
EndGlobal
